PODS:
  - LPExtensions (0.0.1):
    - LPExtensions/String (= 0.0.1)
    - LPExtensions/UINavigationBar (= 0.0.1)
  - LPExtensions/String (0.0.1)
  - LPExtensions/UINavigationBar (0.0.1)
  - SwiftyJSON (3.1.4)

DEPENDENCIES:
  - LPExtensions (from `git@bitbucket.org:loopeer/lpextensions.git`, commit `64e67be`)
  - SwiftyJSON (~> 3.1.4)

EXTERNAL SOURCES:
  LPExtensions:
    :commit: 64e67be
    :git: git@bitbucket.org:loopeer/lpextensions.git

CHECKOUT OPTIONS:
  LPExtensions:
    :commit: 64e67be
    :git: git@bitbucket.org:loopeer/lpextensions.git

SPEC CHECKSUMS:
  LPExtensions: de336d08b3b57b638fba837eb75f654ab936f11d
  SwiftyJSON: c2842d878f95482ffceec5709abc3d05680c0220

PODFILE CHECKSUM: cff611899a5d156b7bb3dd267ec3d206336d6c9d

COCOAPODS: 1.2.1
